// !$*UTF8*$!
{
	archiveVersion = 1;
	classes = {
	};
	objectVersion = 46;
	objects = {

/* Begin PBXBuildFile section */
		008B924817E2D37100FF57C2 /* UIKit.framework in Frameworks */ = {isa = PBXBuildFile; fileRef = 008B924717E2D37100FF57C2 /* UIKit.framework */; };
		008B924A17E2D37100FF57C2 /* Foundation.framework in Frameworks */ = {isa = PBXBuildFile; fileRef = 008B924917E2D37100FF57C2 /* Foundation.framework */; };
		008B924C17E2D37100FF57C2 /* CoreGraphics.framework in Frameworks */ = {isa = PBXBuildFile; fileRef = 008B924B17E2D37100FF57C2 /* CoreGraphics.framework */; };
		008B925217E2D37100FF57C2 /* InfoPlist.strings in Resources */ = {isa = PBXBuildFile; fileRef = 008B925017E2D37100FF57C2 /* InfoPlist.strings */; };
		008B925417E2D37100FF57C2 /* main.m in Sources */ = {isa = PBXBuildFile; fileRef = 008B925317E2D37100FF57C2 /* main.m */; };
		008B925817E2D37100FF57C2 /* BIDAppDelegate.m in Sources */ = {isa = PBXBuildFile; fileRef = 008B925717E2D37100FF57C2 /* BIDAppDelegate.m */; };
		008B926117E2D44A00FF57C2 /* BIDDatePickerViewController.m in Sources */ = {isa = PBXBuildFile; fileRef = 008B925F17E2D44A00FF57C2 /* BIDDatePickerViewController.m */; };
		008B926217E2D44A00FF57C2 /* BIDDatePickerViewController.xib in Resources */ = {isa = PBXBuildFile; fileRef = 008B926017E2D44A00FF57C2 /* BIDDatePickerViewController.xib */; };
		008B926617E2D48600FF57C2 /* BIDSingleComponentPickerViewController.m in Sources */ = {isa = PBXBuildFile; fileRef = 008B926417E2D48600FF57C2 /* BIDSingleComponentPickerViewController.m */; };
		008B926717E2D48600FF57C2 /* BIDSingleComponentPickerViewController.xib in Resources */ = {isa = PBXBuildFile; fileRef = 008B926517E2D48600FF57C2 /* BIDSingleComponentPickerViewController.xib */; };
		008B926B17E2D4C100FF57C2 /* BIDDoubleComponentPickerViewController.m in Sources */ = {isa = PBXBuildFile; fileRef = 008B926917E2D4C100FF57C2 /* BIDDoubleComponentPickerViewController.m */; };
		008B926C17E2D4C100FF57C2 /* BIDDoubleComponentPickerViewController.xib in Resources */ = {isa = PBXBuildFile; fileRef = 008B926A17E2D4C100FF57C2 /* BIDDoubleComponentPickerViewController.xib */; };
		008B927017E2D4E100FF57C2 /* BIDDependentComponentPickerViewController.m in Sources */ = {isa = PBXBuildFile; fileRef = 008B926E17E2D4E100FF57C2 /* BIDDependentComponentPickerViewController.m */; };
		008B927117E2D4E100FF57C2 /* BIDDependentComponentPickerViewController.xib in Resources */ = {isa = PBXBuildFile; fileRef = 008B926F17E2D4E100FF57C2 /* BIDDependentComponentPickerViewController.xib */; };
		008B927517E2D4F000FF57C2 /* BIDCustomPickerViewController.m in Sources */ = {isa = PBXBuildFile; fileRef = 008B927317E2D4EF00FF57C2 /* BIDCustomPickerViewController.m */; };
		008B927617E2D4F000FF57C2 /* BIDCustomPickerViewController.xib in Resources */ = {isa = PBXBuildFile; fileRef = 008B927417E2D4EF00FF57C2 /* BIDCustomPickerViewController.xib */; };
		008B927817E2D92400FF57C2 /* TabBarController.xib in Resources */ = {isa = PBXBuildFile; fileRef = 008B927717E2D92400FF57C2 /* TabBarController.xib */; };
		008B927E17E2DAAC00FF57C2 /* rsz_1rsz_clock.png in Resources */ = {isa = PBXBuildFile; fileRef = 008B927917E2DAAB00FF57C2 /* rsz_1rsz_clock.png */; };
		008B927F17E2DAAC00FF57C2 /* rsz_number-1-icon.png in Resources */ = {isa = PBXBuildFile; fileRef = 008B927A17E2DAAB00FF57C2 /* rsz_number-1-icon.png */; };
		008B928017E2DAAC00FF57C2 /* rsz_number-2-icon.png in Resources */ = {isa = PBXBuildFile; fileRef = 008B927B17E2DAAB00FF57C2 /* rsz_number-2-icon.png */; };
		008B928117E2DAAC00FF57C2 /* rsz_oie_transparent.png in Resources */ = {isa = PBXBuildFile; fileRef = 008B927C17E2DAAB00FF57C2 /* rsz_oie_transparent.png */; };
		008B928217E2DAAC00FF57C2 /* rsz_stumbleupon.png in Resources */ = {isa = PBXBuildFile; fileRef = 008B927D17E2DAAC00FF57C2 /* rsz_stumbleupon.png */; };
		008B928417E2F71800FF57C2 /* statedictionary.plist in Resources */ = {isa = PBXBuildFile; fileRef = 008B928317E2F71800FF57C2 /* statedictionary.plist */; };
/* End PBXBuildFile section */

/* Begin PBXFileReference section */
		008B924317E2D37100FF57C2 /* Pickers.app */ = {isa = PBXFileReference; explicitFileType = wrapper.application; includeInIndex = 0; path = Pickers.app; sourceTree = BUILT_PRODUCTS_DIR; };
		008B924717E2D37100FF57C2 /* UIKit.framework */ = {isa = PBXFileReference; lastKnownFileType = wrapper.framework; name = UIKit.framework; path = System/Library/Frameworks/UIKit.framework; sourceTree = SDKROOT; };
		008B924917E2D37100FF57C2 /* Foundation.framework */ = {isa = PBXFileReference; lastKnownFileType = wrapper.framework; name = Foundation.framework; path = System/Library/Frameworks/Foundation.framework; sourceTree = SDKROOT; };
		008B924B17E2D37100FF57C2 /* CoreGraphics.framework */ = {isa = PBXFileReference; lastKnownFileType = wrapper.framework; name = CoreGraphics.framework; path = System/Library/Frameworks/CoreGraphics.framework; sourceTree = SDKROOT; };
		008B924F17E2D37100FF57C2 /* Pickers-Info.plist */ = {isa = PBXFileReference; lastKnownFileType = text.plist.xml; path = "Pickers-Info.plist"; sourceTree = "<group>"; };
		008B925117E2D37100FF57C2 /* en */ = {isa = PBXFileReference; lastKnownFileType = text.plist.strings; name = en; path = en.lproj/InfoPlist.strings; sourceTree = "<group>"; };
		008B925317E2D37100FF57C2 /* main.m */ = {isa = PBXFileReference; lastKnownFileType = sourcecode.c.objc; path = main.m; sourceTree = "<group>"; };
		008B925517E2D37100FF57C2 /* Pickers-Prefix.pch */ = {isa = PBXFileReference; lastKnownFileType = sourcecode.c.h; path = "Pickers-Prefix.pch"; sourceTree = "<group>"; };
		008B925617E2D37100FF57C2 /* BIDAppDelegate.h */ = {isa = PBXFileReference; lastKnownFileType = sourcecode.c.h; path = BIDAppDelegate.h; sourceTree = "<group>"; };
		008B925717E2D37100FF57C2 /* BIDAppDelegate.m */ = {isa = PBXFileReference; lastKnownFileType = sourcecode.c.objc; path = BIDAppDelegate.m; sourceTree = "<group>"; };
		008B925E17E2D44A00FF57C2 /* BIDDatePickerViewController.h */ = {isa = PBXFileReference; fileEncoding = 4; lastKnownFileType = sourcecode.c.h; name = BIDDatePickerViewController.h; path = ../BIDDatePickerViewController.h; sourceTree = "<group>"; };
		008B925F17E2D44A00FF57C2 /* BIDDatePickerViewController.m */ = {isa = PBXFileReference; fileEncoding = 4; lastKnownFileType = sourcecode.c.objc; name = BIDDatePickerViewController.m; path = ../BIDDatePickerViewController.m; sourceTree = "<group>"; };
		008B926017E2D44A00FF57C2 /* BIDDatePickerViewController.xib */ = {isa = PBXFileReference; fileEncoding = 4; lastKnownFileType = file.xib; name = BIDDatePickerViewController.xib; path = ../BIDDatePickerViewController.xib; sourceTree = "<group>"; };
		008B926317E2D48600FF57C2 /* BIDSingleComponentPickerViewController.h */ = {isa = PBXFileReference; fileEncoding = 4; lastKnownFileType = sourcecode.c.h; path = BIDSingleComponentPickerViewController.h; sourceTree = "<group>"; };
		008B926417E2D48600FF57C2 /* BIDSingleComponentPickerViewController.m */ = {isa = PBXFileReference; fileEncoding = 4; lastKnownFileType = sourcecode.c.objc; path = BIDSingleComponentPickerViewController.m; sourceTree = "<group>"; };
		008B926517E2D48600FF57C2 /* BIDSingleComponentPickerViewController.xib */ = {isa = PBXFileReference; fileEncoding = 4; lastKnownFileType = file.xib; path = BIDSingleComponentPickerViewController.xib; sourceTree = "<group>"; };
		008B926817E2D4C100FF57C2 /* BIDDoubleComponentPickerViewController.h */ = {isa = PBXFileReference; fileEncoding = 4; lastKnownFileType = sourcecode.c.h; path = BIDDoubleComponentPickerViewController.h; sourceTree = "<group>"; };
		008B926917E2D4C100FF57C2 /* BIDDoubleComponentPickerViewController.m */ = {isa = PBXFileReference; fileEncoding = 4; lastKnownFileType = sourcecode.c.objc; path = BIDDoubleComponentPickerViewController.m; sourceTree = "<group>"; };
		008B926A17E2D4C100FF57C2 /* BIDDoubleComponentPickerViewController.xib */ = {isa = PBXFileReference; fileEncoding = 4; lastKnownFileType = file.xib; path = BIDDoubleComponentPickerViewController.xib; sourceTree = "<group>"; };
		008B926D17E2D4E100FF57C2 /* BIDDependentComponentPickerViewController.h */ = {isa = PBXFileReference; fileEncoding = 4; lastKnownFileType = sourcecode.c.h; path = BIDDependentComponentPickerViewController.h; sourceTree = "<group>"; };
		008B926E17E2D4E100FF57C2 /* BIDDependentComponentPickerViewController.m */ = {isa = PBXFileReference; fileEncoding = 4; lastKnownFileType = sourcecode.c.objc; path = BIDDependentComponentPickerViewController.m; sourceTree = "<group>"; };
		008B926F17E2D4E100FF57C2 /* BIDDependentComponentPickerViewController.xib */ = {isa = PBXFileReference; fileEncoding = 4; lastKnownFileType = file.xib; path = BIDDependentComponentPickerViewController.xib; sourceTree = "<group>"; };
		008B927217E2D4EF00FF57C2 /* BIDCustomPickerViewController.h */ = {isa = PBXFileReference; fileEncoding = 4; lastKnownFileType = sourcecode.c.h; path = BIDCustomPickerViewController.h; sourceTree = "<group>"; };
		008B927317E2D4EF00FF57C2 /* BIDCustomPickerViewController.m */ = {isa = PBXFileReference; fileEncoding = 4; lastKnownFileType = sourcecode.c.objc; path = BIDCustomPickerViewController.m; sourceTree = "<group>"; };
		008B927417E2D4EF00FF57C2 /* BIDCustomPickerViewController.xib */ = {isa = PBXFileReference; fileEncoding = 4; lastKnownFileType = file.xib; path = BIDCustomPickerViewController.xib; sourceTree = "<group>"; };
		008B927717E2D92400FF57C2 /* TabBarController.xib */ = {isa = PBXFileReference; fileEncoding = 4; lastKnownFileType = file.xib; path = TabBarController.xib; sourceTree = "<group>"; };
		008B927917E2DAAB00FF57C2 /* rsz_1rsz_clock.png */ = {isa = PBXFileReference; lastKnownFileType = image.png; path = rsz_1rsz_clock.png; sourceTree = "<group>"; };
		008B927A17E2DAAB00FF57C2 /* rsz_number-1-icon.png */ = {isa = PBXFileReference; lastKnownFileType = image.png; path = "rsz_number-1-icon.png"; sourceTree = "<group>"; };
		008B927B17E2DAAB00FF57C2 /* rsz_number-2-icon.png */ = {isa = PBXFileReference; lastKnownFileType = image.png; path = "rsz_number-2-icon.png"; sourceTree = "<group>"; };
		008B927C17E2DAAB00FF57C2 /* rsz_oie_transparent.png */ = {isa = PBXFileReference; lastKnownFileType = image.png; path = rsz_oie_transparent.png; sourceTree = "<group>"; };
		008B927D17E2DAAC00FF57C2 /* rsz_stumbleupon.png */ = {isa = PBXFileReference; lastKnownFileType = image.png; path = rsz_stumbleupon.png; sourceTree = "<group>"; };
		008B928317E2F71800FF57C2 /* statedictionary.plist */ = {isa = PBXFileReference; fileEncoding = 4; lastKnownFileType = text.plist.xml; path = statedictionary.plist; sourceTree = "<group>"; };
/* End PBXFileReference section */

/* Begin PBXFrameworksBuildPhase section */
		008B924017E2D37100FF57C2 /* Frameworks */ = {
			isa = PBXFrameworksBuildPhase;
			buildActionMask = 2147483647;
			files = (
				008B924817E2D37100FF57C2 /* UIKit.framework in Frameworks */,
				008B924A17E2D37100FF57C2 /* Foundation.framework in Frameworks */,
				008B924C17E2D37100FF57C2 /* CoreGraphics.framework in Frameworks */,
			);
			runOnlyForDeploymentPostprocessing = 0;
		};
/* End PBXFrameworksBuildPhase section */

/* Begin PBXGroup section */
		008B923817E2D37000FF57C2 = {
			isa = PBXGroup;
			children = (
				008B924D17E2D37100FF57C2 /* Pickers */,
				008B924617E2D37100FF57C2 /* Frameworks */,
				008B924417E2D37100FF57C2 /* Products */,
			);
			sourceTree = "<group>";
		};
		008B924417E2D37100FF57C2 /* Products */ = {
			isa = PBXGroup;
			children = (
				008B924317E2D37100FF57C2 /* Pickers.app */,
			);
			name = Products;
			sourceTree = "<group>";
		};
		008B924617E2D37100FF57C2 /* Frameworks */ = {
			isa = PBXGroup;
			children = (
				008B924717E2D37100FF57C2 /* UIKit.framework */,
				008B924917E2D37100FF57C2 /* Foundation.framework */,
				008B924B17E2D37100FF57C2 /* CoreGraphics.framework */,
			);
			name = Frameworks;
			sourceTree = "<group>";
		};
		008B924D17E2D37100FF57C2 /* Pickers */ = {
			isa = PBXGroup;
			children = (
				008B925617E2D37100FF57C2 /* BIDAppDelegate.h */,
				008B925717E2D37100FF57C2 /* BIDAppDelegate.m */,
				008B927717E2D92400FF57C2 /* TabBarController.xib */,
				008B925E17E2D44A00FF57C2 /* BIDDatePickerViewController.h */,
				008B925F17E2D44A00FF57C2 /* BIDDatePickerViewController.m */,
				008B926017E2D44A00FF57C2 /* BIDDatePickerViewController.xib */,
				008B926317E2D48600FF57C2 /* BIDSingleComponentPickerViewController.h */,
				008B926417E2D48600FF57C2 /* BIDSingleComponentPickerViewController.m */,
				008B926517E2D48600FF57C2 /* BIDSingleComponentPickerViewController.xib */,
				008B926817E2D4C100FF57C2 /* BIDDoubleComponentPickerViewController.h */,
				008B926917E2D4C100FF57C2 /* BIDDoubleComponentPickerViewController.m */,
				008B926A17E2D4C100FF57C2 /* BIDDoubleComponentPickerViewController.xib */,
				008B927217E2D4EF00FF57C2 /* BIDCustomPickerViewController.h */,
				008B927317E2D4EF00FF57C2 /* BIDCustomPickerViewController.m */,
				008B927417E2D4EF00FF57C2 /* BIDCustomPickerViewController.xib */,
				008B926D17E2D4E100FF57C2 /* BIDDependentComponentPickerViewController.h */,
				008B926E17E2D4E100FF57C2 /* BIDDependentComponentPickerViewController.m */,
				008B926F17E2D4E100FF57C2 /* BIDDependentComponentPickerViewController.xib */,
				008B924E17E2D37100FF57C2 /* Supporting Files */,
			);
			path = Pickers;
			sourceTree = "<group>";
		};
		008B924E17E2D37100FF57C2 /* Supporting Files */ = {
			isa = PBXGroup;
			children = (
				008B928317E2F71800FF57C2 /* statedictionary.plist */,
				008B927917E2DAAB00FF57C2 /* rsz_1rsz_clock.png */,
				008B927A17E2DAAB00FF57C2 /* rsz_number-1-icon.png */,
				008B927B17E2DAAB00FF57C2 /* rsz_number-2-icon.png */,
				008B927C17E2DAAB00FF57C2 /* rsz_oie_transparent.png */,
				008B927D17E2DAAC00FF57C2 /* rsz_stumbleupon.png */,
				008B924F17E2D37100FF57C2 /* Pickers-Info.plist */,
				008B925017E2D37100FF57C2 /* InfoPlist.strings */,
				008B925317E2D37100FF57C2 /* main.m */,
				008B925517E2D37100FF57C2 /* Pickers-Prefix.pch */,
			);
			name = "Supporting Files";
			sourceTree = "<group>";
		};
/* End PBXGroup section */

/* Begin PBXNativeTarget section */
		008B924217E2D37100FF57C2 /* Pickers */ = {
			isa = PBXNativeTarget;
			buildConfigurationList = 008B925B17E2D37100FF57C2 /* Build configuration list for PBXNativeTarget "Pickers" */;
			buildPhases = (
				008B923F17E2D37100FF57C2 /* Sources */,
				008B924017E2D37100FF57C2 /* Frameworks */,
				008B924117E2D37100FF57C2 /* Resources */,
			);
			buildRules = (
			);
			dependencies = (
			);
			name = Pickers;
			productName = Pickers;
			productReference = 008B924317E2D37100FF57C2 /* Pickers.app */;
			productType = "com.apple.product-type.application";
		};
/* End PBXNativeTarget section */

/* Begin PBXProject section */
		008B923A17E2D37000FF57C2 /* Project object */ = {
			isa = PBXProject;
			attributes = {
				LastUpgradeCheck = 0420;
			};
			buildConfigurationList = 008B923D17E2D37000FF57C2 /* Build configuration list for PBXProject "Pickers" */;
			compatibilityVersion = "Xcode 3.2";
			developmentRegion = English;
			hasScannedForEncodings = 0;
			knownRegions = (
				en,
			);
			mainGroup = 008B923817E2D37000FF57C2;
			productRefGroup = 008B924417E2D37100FF57C2 /* Products */;
			projectDirPath = "";
			projectRoot = "";
			targets = (
				008B924217E2D37100FF57C2 /* Pickers */,
			);
		};
/* End PBXProject section */

/* Begin PBXResourcesBuildPhase section */
		008B924117E2D37100FF57C2 /* Resources */ = {
			isa = PBXResourcesBuildPhase;
			buildActionMask = 2147483647;
			files = (
				008B925217E2D37100FF57C2 /* InfoPlist.strings in Resources */,
				008B926217E2D44A00FF57C2 /* BIDDatePickerViewController.xib in Resources */,
				008B926717E2D48600FF57C2 /* BIDSingleComponentPickerViewController.xib in Resources */,
				008B926C17E2D4C100FF57C2 /* BIDDoubleComponentPickerViewController.xib in Resources */,
				008B927117E2D4E100FF57C2 /* BIDDependentComponentPickerViewController.xib in Resources */,
				008B927617E2D4F000FF57C2 /* BIDCustomPickerViewController.xib in Resources */,
				008B927817E2D92400FF57C2 /* TabBarController.xib in Resources */,
				008B927E17E2DAAC00FF57C2 /* rsz_1rsz_clock.png in Resources */,
				008B927F17E2DAAC00FF57C2 /* rsz_number-1-icon.png in Resources */,
				008B928017E2DAAC00FF57C2 /* rsz_number-2-icon.png in Resources */,
				008B928117E2DAAC00FF57C2 /* rsz_oie_transparent.png in Resources */,
				008B928217E2DAAC00FF57C2 /* rsz_stumbleupon.png in Resources */,
				008B928417E2F71800FF57C2 /* statedictionary.plist in Resources */,
			);
			runOnlyForDeploymentPostprocessing = 0;
		};
/* End PBXResourcesBuildPhase section */

/* Begin PBXSourcesBuildPhase section */
		008B923F17E2D37100FF57C2 /* Sources */ = {
			isa = PBXSourcesBuildPhase;
			buildActionMask = 2147483647;
			files = (
				008B925417E2D37100FF57C2 /* main.m in Sources */,
				008B925817E2D37100FF57C2 /* BIDAppDelegate.m in Sources */,
				008B926117E2D44A00FF57C2 /* BIDDatePickerViewController.m in Sources */,
				008B926617E2D48600FF57C2 /* BIDSingleComponentPickerViewController.m in Sources */,
				008B926B17E2D4C100FF57C2 /* BIDDoubleComponentPickerViewController.m in Sources */,
				008B927017E2D4E100FF57C2 /* BIDDependentComponentPickerViewController.m in Sources */,
				008B927517E2D4F000FF57C2 /* BIDCustomPickerViewController.m in Sources */,
			);
			runOnlyForDeploymentPostprocessing = 0;
		};
/* End PBXSourcesBuildPhase section */

/* Begin PBXVariantGroup section */
		008B925017E2D37100FF57C2 /* InfoPlist.strings */ = {
			isa = PBXVariantGroup;
			children = (
				008B925117E2D37100FF57C2 /* en */,
			);
			name = InfoPlist.strings;
			sourceTree = "<group>";
		};
/* End PBXVariantGroup section */

/* Begin XCBuildConfiguration section */
		008B925917E2D37100FF57C2 /* Debug */ = {
			isa = XCBuildConfiguration;
			buildSettings = {
				ALWAYS_SEARCH_USER_PATHS = NO;
				ARCHS = "$(ARCHS_STANDARD_32_BIT)";
				CLANG_ENABLE_OBJC_ARC = YES;
				"CODE_SIGN_IDENTITY[sdk=iphoneos*]" = "iPhone Developer";
				COPY_PHASE_STRIP = NO;
				GCC_C_LANGUAGE_STANDARD = gnu99;
				GCC_DYNAMIC_NO_PIC = NO;
				GCC_OPTIMIZATION_LEVEL = 0;
				GCC_PREPROCESSOR_DEFINITIONS = (
					"DEBUG=1",
					"$(inherited)",
				);
				GCC_SYMBOLS_PRIVATE_EXTERN = NO;
				GCC_VERSION = com.apple.compilers.llvm.clang.1_0;
				GCC_WARN_ABOUT_MISSING_PROTOTYPES = YES;
				GCC_WARN_ABOUT_RETURN_TYPE = YES;
				GCC_WARN_UNUSED_VARIABLE = YES;
				IPHONEOS_DEPLOYMENT_TARGET = 5.0;
				SDKROOT = iphoneos;
			};
			name = Debug;
		};
		008B925A17E2D37100FF57C2 /* Release */ = {
			isa = XCBuildConfiguration;
			buildSettings = {
				ALWAYS_SEARCH_USER_PATHS = NO;
				ARCHS = "$(ARCHS_STANDARD_32_BIT)";
				CLANG_ENABLE_OBJC_ARC = YES;
				"CODE_SIGN_IDENTITY[sdk=iphoneos*]" = "iPhone Developer";
				COPY_PHASE_STRIP = YES;
				GCC_C_LANGUAGE_STANDARD = gnu99;
				GCC_VERSION = com.apple.compilers.llvm.clang.1_0;
				GCC_WARN_ABOUT_MISSING_PROTOTYPES = YES;
				GCC_WARN_ABOUT_RETURN_TYPE = YES;
				GCC_WARN_UNUSED_VARIABLE = YES;
				IPHONEOS_DEPLOYMENT_TARGET = 5.0;
				OTHER_CFLAGS = "-DNS_BLOCK_ASSERTIONS=1";
				SDKROOT = iphoneos;
				VALIDATE_PRODUCT = YES;
			};
			name = Release;
		};
		008B925C17E2D37100FF57C2 /* Debug */ = {
			isa = XCBuildConfiguration;
			buildSettings = {
				GCC_PRECOMPILE_PREFIX_HEADER = YES;
				GCC_PREFIX_HEADER = "Pickers/Pickers-Prefix.pch";
				INFOPLIST_FILE = "Pickers/Pickers-Info.plist";
				PRODUCT_NAME = "$(TARGET_NAME)";
				WRAPPER_EXTENSION = app;
			};
			name = Debug;
		};
		008B925D17E2D37100FF57C2 /* Release */ = {
			isa = XCBuildConfiguration;
			buildSettings = {
				GCC_PRECOMPILE_PREFIX_HEADER = YES;
				GCC_PREFIX_HEADER = "Pickers/Pickers-Prefix.pch";
				INFOPLIST_FILE = "Pickers/Pickers-Info.plist";
				PRODUCT_NAME = "$(TARGET_NAME)";
				WRAPPER_EXTENSION = app;
			};
			name = Release;
		};
/* End XCBuildConfiguration section */

/* Begin XCConfigurationList section */
		008B923D17E2D37000FF57C2 /* Build configuration list for PBXProject "Pickers" */ = {
			isa = XCConfigurationList;
			buildConfigurations = (
				008B925917E2D37100FF57C2 /* Debug */,
				008B925A17E2D37100FF57C2 /* Release */,
			);
			defaultConfigurationIsVisible = 0;
			defaultConfigurationName = Release;
		};
		008B925B17E2D37100FF57C2 /* Build configuration list for PBXNativeTarget "Pickers" */ = {
			isa = XCConfigurationList;
			buildConfigurations = (
				008B925C17E2D37100FF57C2 /* Debug */,
				008B925D17E2D37100FF57C2 /* Release */,
			);
			defaultConfigurationIsVisible = 0;
		};
/* End XCConfigurationList section */
	};
	rootObject = 008B923A17E2D37000FF57C2 /* Project object */;
}
